{
  "version": 4,
  "terraform_version": "1.11.4",
  "serial": 262,
  "lineage": "a5e7a37b-39e0-44b2-832d-51710ef5e8e8",
  "outputs": {},
  "resources": [
    {
      "module": "module.apigateway",
      "mode": "managed",
      "type": "aws_api_gateway_rest_api",
      "name": "api",
      "provider": "provider[\"registry.terraform.io/hashicorp/aws\"]",
      "instances": [
        {
          "schema_version": 0,
          "attributes": {
            "api_key_source": "HEADER",
            "arn": "arn:aws:apigateway:eu-west-2::/restapis/pl0s1etbzl",
            "binary_media_types": [],
            "body": null,
            "created_date": "2025-05-18T12:09:05Z",
            "description": "",
            "disable_execute_api_endpoint": false,
            "endpoint_configuration": [
              {
                "ip_address_type": "ipv4",
                "types": [
                  "EDGE"
                ],
                "vpc_endpoint_ids": []
              }
            ],
            "execution_arn": "arn:aws:execute-api:eu-west-2:046873714594:pl0s1etbzl",
            "fail_on_warnings": null,
            "id": "pl0s1etbzl",
            "minimum_compression_size": "",
            "name": "intake",
            "parameters": null,
            "policy": "",
            "put_rest_api_mode": null,
            "root_resource_id": "xrt8v6iw1d",
            "tags": {},
            "tags_all": {}
          },
          "sensitive_attributes": [],
          "private": "bnVsbA=="
        }
      ]
    },
    {
      "module": "module.glue",
      "mode": "data",
      "type": "aws_s3_bucket",
      "name": "food_bucket",
      "provider": "module.glue.provider[\"registry.terraform.io/hashicorp/aws\"]",
      "instances": [
        {
          "schema_version": 0,
          "attributes": {
            "arn": "arn:aws:s3:::food-scanner-046873714594",
            "bucket": "food-scanner-046873714594",
            "bucket_domain_name": "food-scanner-046873714594.s3.amazonaws.com",
            "bucket_regional_domain_name": "food-scanner-046873714594.s3.eu-west-2.amazonaws.com",
            "hosted_zone_id": "Z3GKZC51ZF0DB4",
            "id": "food-scanner-046873714594",
            "region": "eu-west-2",
            "website_domain": "s3-website.eu-west-2.amazonaws.com",
            "website_endpoint": "food-scanner-046873714594.s3-website.eu-west-2.amazonaws.com"
          },
          "sensitive_attributes": []
        }
      ]
    },
    {
      "module": "module.glue",
      "mode": "managed",
      "type": "aws_glue_catalog_database",
      "name": "openfoodfacts",
      "provider": "module.glue.provider[\"registry.terraform.io/hashicorp/aws\"]",
      "instances": [
        {
          "schema_version": 0,
          "attributes": {
            "arn": "arn:aws:glue:eu-west-2:046873714594:database/openfoodfacts_db",
            "catalog_id": "046873714594",
            "create_table_default_permission": [
              {
                "permissions": [
                  "ALL"
                ],
                "principal": [
                  {
                    "data_lake_principal_identifier": "IAM_ALLOWED_PRINCIPALS"
                  }
                ]
              }
            ],
            "description": "OpenFoodFacts cleaned data",
            "federated_database": [],
            "id": "046873714594:openfoodfacts_db",
            "location_uri": "",
            "name": "openfoodfacts_db",
            "parameters": {
              "created_by": "terraform"
            },
            "tags": {},
            "tags_all": {},
            "target_database": []
          },
          "sensitive_attributes": [],
          "private": "bnVsbA=="
        }
      ]
    },
    {
      "module": "module.glue",
      "mode": "managed",
      "type": "aws_glue_classifier",
      "name": "jsonl",
      "provider": "module.glue.provider[\"registry.terraform.io/hashicorp/aws\"]",
      "instances": [
        {
          "schema_version": 0,
          "attributes": {
            "csv_classifier": [],
            "grok_classifier": [],
            "id": "openfoodfacts-jsonl",
            "json_classifier": [
              {
                "json_path": "$"
              }
            ],
            "name": "openfoodfacts-jsonl",
            "xml_classifier": []
          },
          "sensitive_attributes": [],
          "private": "bnVsbA=="
        }
      ]
    },
    {
      "module": "module.glue",
      "mode": "managed",
      "type": "aws_glue_crawler",
      "name": "openfoodfacts",
      "provider": "module.glue.provider[\"registry.terraform.io/hashicorp/aws\"]",
      "instances": [
        {
          "schema_version": 0,
          "attributes": {
            "arn": "arn:aws:glue:eu-west-2:046873714594:crawler/openfoodfacts-crawler",
            "catalog_target": [],
            "classifiers": [
              "openfoodfacts-jsonl"
            ],
            "configuration": "",
            "database_name": "openfoodfacts_db",
            "delta_target": [],
            "description": "",
            "dynamodb_target": [],
            "hudi_target": [],
            "iceberg_target": [],
            "id": "openfoodfacts-crawler",
            "jdbc_target": [],
            "lake_formation_configuration": [
              {
                "account_id": "",
                "use_lake_formation_credentials": false
              }
            ],
            "lineage_configuration": [
              {
                "crawler_lineage_settings": "DISABLE"
              }
            ],
            "mongodb_target": [],
            "name": "openfoodfacts-crawler",
            "recrawl_policy": [
              {
                "recrawl_behavior": "CRAWL_EVERYTHING"
              }
            ],
            "role": "openfoodfacts-glue-service-role",
            "s3_target": [
              {
                "connection_name": "",
                "dlq_event_queue_arn": "",
                "event_queue_arn": "",
                "exclusions": [],
                "path": "s3://food-scanner-046873714594/db/",
                "sample_size": 0
              }
            ],
            "schedule": "",
            "schema_change_policy": [
              {
                "delete_behavior": "DEPRECATE_IN_DATABASE",
                "update_behavior": "UPDATE_IN_DATABASE"
              }
            ],
            "security_configuration": "",
            "table_prefix": "",
            "tags": {},
            "tags_all": {}
          },
          "sensitive_attributes": [],
          "private": "bnVsbA==",
          "dependencies": [
            "module.glue.aws_glue_catalog_database.openfoodfacts",
            "module.glue.aws_glue_classifier.jsonl",
            "module.glue.aws_iam_role.glue_service_role"
          ]
        }
      ]
    },
    {
      "module": "module.glue",
      "mode": "managed",
      "type": "aws_glue_job",
      "name": "openfoodfacts_etl",
      "provider": "module.glue.provider[\"registry.terraform.io/hashicorp/aws\"]",
      "instances": [
        {
          "schema_version": 0,
          "attributes": {
            "arn": "arn:aws:glue:eu-west-2:046873714594:job/openfoodfacts-etl",
            "command": [
              {
                "name": "glueetl",
                "python_version": "3",
                "runtime": "",
                "script_location": "s3://food-scanner-046873714594/food_etl.py"
              }
            ],
            "connections": [],
            "default_arguments": {
              "--DATABASE_NAME": "openfoodfacts_db",
              "--SOURCE_S3_PATH": "s3://food-scanner-046873714594/db/",
              "--TABLE_NAME": "db",
              "--TARGET_S3_PATH": "s3://food-scanner-046873714594"
            },
            "description": "",
            "execution_class": "",
            "execution_property": [
              {
                "max_concurrent_runs": 1
              }
            ],
            "glue_version": "3.0",
            "id": "openfoodfacts-etl",
            "job_run_queuing_enabled": false,
            "maintenance_window": "",
            "max_capacity": 10,
            "max_retries": 1,
            "name": "openfoodfacts-etl",
            "non_overridable_arguments": {},
            "notification_property": [],
            "number_of_workers": 10,
            "role_arn": "arn:aws:iam::046873714594:role/openfoodfacts-glue-service-role",
            "security_configuration": "",
            "source_control_details": [],
            "tags": {},
            "tags_all": {},
            "timeout": 2880,
            "worker_type": "G.1X"
          },
          "sensitive_attributes": [],
          "private": "bnVsbA==",
          "dependencies": [
            "module.glue.aws_iam_role.glue_service_role"
          ]
        }
      ]
    },
    {
      "module": "module.glue",
      "mode": "managed",
      "type": "aws_glue_job",
      "name": "products_embedding_job",
      "provider": "module.glue.provider[\"registry.terraform.io/hashicorp/aws\"]",
      "instances": [
        {
          "schema_version": 0,
          "attributes": {
            "arn": "arn:aws:glue:eu-west-2:046873714594:job/products-embedding-job",
            "command": [
              {
                "name": "glueetl",
                "python_version": "3",
                "runtime": "",
                "script_location": "s3://food-scanner-046873714594/scripts/products_embedding_job.py"
              }
            ],
            "connections": [],
            "default_arguments": {
              "--INPUT_KEY": "clean_data/",
              "--additional-python-modules": "awswrangler,pyarrow,langchain_aws,boto3,opensearch-py",
              "--job-language": "python"
            },
            "description": "",
            "execution_class": "",
            "execution_property": [
              {
                "max_concurrent_runs": 1
              }
            ],
            "glue_version": "4.0",
            "id": "products-embedding-job",
            "job_run_queuing_enabled": false,
            "maintenance_window": "",
            "max_capacity": 2,
            "max_retries": 0,
            "name": "products-embedding-job",
            "non_overridable_arguments": {},
            "notification_property": [],
            "number_of_workers": 2,
            "role_arn": "arn:aws:iam::046873714594:role/glue-food-products-role",
            "security_configuration": "",
            "source_control_details": [],
            "tags": {},
            "tags_all": {},
            "timeout": 2880,
            "worker_type": "G.1X"
          },
          "sensitive_attributes": [],
          "private": "bnVsbA==",
          "dependencies": [
            "module.glue.aws_iam_role.glue_role"
          ]
        }
      ]
    },
    {
      "module": "module.glue",
      "mode": "managed",
      "type": "aws_iam_policy",
      "name": "glue_s3_access",
      "provider": "module.glue.provider[\"registry.terraform.io/hashicorp/aws\"]",
      "instances": [
        {
          "schema_version": 0,
          "attributes": {
            "arn": "arn:aws:iam::046873714594:policy/openfoodfacts-glue-s3-access",
            "attachment_count": 1,
            "description": "Allow Glue to read source \u0026 write target S3",
            "id": "arn:aws:iam::046873714594:policy/openfoodfacts-glue-s3-access",
            "name": "openfoodfacts-glue-s3-access",
            "name_prefix": "",
            "path": "/",
            "policy": "{\"Statement\":[{\"Action\":[\"s3:ListBucket\"],\"Effect\":\"Allow\",\"Resource\":[\"arn:aws:s3:::food-scanner-046873714594\"]},{\"Action\":[\"s3:GetObject\"],\"Effect\":\"Allow\",\"Resource\":[\"arn:aws:s3:::food-scanner-046873714594/*\"]},{\"Action\":[\"s3:PutObject\",\"s3:DeleteObject\"],\"Effect\":\"Allow\",\"Resource\":[\"arn:aws:s3:::food-scanner-046873714594/*\"]}],\"Version\":\"2012-10-17\"}",
            "policy_id": "ANPAQV2PED6RN4RMKP7MY",
            "tags": {},
            "tags_all": {}
          },
          "sensitive_attributes": [],
          "private": "bnVsbA=="
        }
      ]
    },
    {
      "module": "module.glue",
      "mode": "managed",
      "type": "aws_iam_role",
      "name": "glue_role",
      "provider": "module.glue.provider[\"registry.terraform.io/hashicorp/aws\"]",
      "instances": [
        {
          "schema_version": 0,
          "attributes": {
            "arn": "arn:aws:iam::046873714594:role/glue-food-products-role",
            "assume_role_policy": "{\"Statement\":[{\"Action\":\"sts:AssumeRole\",\"Effect\":\"Allow\",\"Principal\":{\"Service\":\"glue.amazonaws.com\"}}],\"Version\":\"2012-10-17\"}",
            "create_date": "2025-05-18T12:09:05Z",
            "description": "",
            "force_detach_policies": false,
            "id": "glue-food-products-role",
            "inline_policy": [
              {
                "name": "glue-inline-policy",
                "policy": "{\"Version\":\"2012-10-17\",\"Statement\":[{\"Action\":[\"s3:GetObject\",\"s3:PutObject\",\"s3:ListBucket\"],\"Effect\":\"Allow\",\"Resource\":[\"arn:aws:s3:::food-scanner-046873714594\",\"arn:aws:s3:::food-scanner-046873714594/*\"]},{\"Action\":[\"bedrock:InvokeModel\"],\"Effect\":\"Allow\",\"Resource\":\"*\"},{\"Action\":[\"aoss:*\",\"opensearch:ESHttp*\"],\"Effect\":\"Allow\",\"Resource\":\"*\"},{\"Action\":[\"logs:CreateLogGroup\",\"logs:CreateLogStream\",\"logs:PutLogEvents\"],\"Effect\":\"Allow\",\"Resource\":\"*\"}]}"
              }
            ],
            "managed_policy_arns": [],
            "max_session_duration": 3600,
            "name": "glue-food-products-role",
            "name_prefix": "",
            "path": "/",
            "permissions_boundary": "",
            "tags": {},
            "tags_all": {},
            "unique_id": "AROAQV2PED6RKADRY4HW7"
          },
          "sensitive_attributes": [],
          "private": "bnVsbA=="
        }
      ]
    },
    {
      "module": "module.glue",
      "mode": "managed",
      "type": "aws_iam_role",
      "name": "glue_service_role",
      "provider": "module.glue.provider[\"registry.terraform.io/hashicorp/aws\"]",
      "instances": [
        {
          "schema_version": 0,
          "attributes": {
            "arn": "arn:aws:iam::046873714594:role/openfoodfacts-glue-service-role",
            "assume_role_policy": "{\"Statement\":[{\"Action\":\"sts:AssumeRole\",\"Effect\":\"Allow\",\"Principal\":{\"Service\":\"glue.amazonaws.com\"}}],\"Version\":\"2012-10-17\"}",
            "create_date": "2025-05-18T12:09:05Z",
            "description": "",
            "force_detach_policies": false,
            "id": "openfoodfacts-glue-service-role",
            "inline_policy": [],
            "managed_policy_arns": [
              "arn:aws:iam::046873714594:policy/openfoodfacts-glue-s3-access",
              "arn:aws:iam::aws:policy/service-role/AWSGlueServiceRole"
            ],
            "max_session_duration": 3600,
            "name": "openfoodfacts-glue-service-role",
            "name_prefix": "",
            "path": "/",
            "permissions_boundary": "",
            "tags": {},
            "tags_all": {},
            "unique_id": "AROAQV2PED6RCREVOHT22"
          },
          "sensitive_attributes": [],
          "private": "bnVsbA=="
        }
      ]
    },
    {
      "module": "module.glue",
      "mode": "managed",
      "type": "aws_iam_role_policy",
      "name": "glue_inline",
      "provider": "module.glue.provider[\"registry.terraform.io/hashicorp/aws\"]",
      "instances": [
        {
          "schema_version": 0,
          "attributes": {
            "id": "glue-food-products-role:glue-inline-policy",
            "name": "glue-inline-policy",
            "name_prefix": "",
            "policy": "{\"Version\":\"2012-10-17\",\"Statement\":[{\"Action\":[\"s3:GetObject\",\"s3:PutObject\",\"s3:ListBucket\"],\"Effect\":\"Allow\",\"Resource\":[\"arn:aws:s3:::food-scanner-046873714594\",\"arn:aws:s3:::food-scanner-046873714594/*\"]},{\"Action\":[\"bedrock:InvokeModel\"],\"Effect\":\"Allow\",\"Resource\":\"*\"},{\"Action\":[\"aoss:*\",\"opensearch:ESHttp*\"],\"Effect\":\"Allow\",\"Resource\":\"*\"},{\"Action\":[\"logs:CreateLogGroup\",\"logs:CreateLogStream\",\"logs:PutLogEvents\"],\"Effect\":\"Allow\",\"Resource\":\"*\"}]}",
            "role": "glue-food-products-role"
          },
          "sensitive_attributes": [],
          "private": "bnVsbA==",
          "dependencies": [
            "module.glue.aws_iam_role.glue_role",
            "module.glue.data.aws_s3_bucket.food_bucket"
          ]
        }
      ]
    },
    {
      "module": "module.glue",
      "mode": "managed",
      "type": "aws_iam_role_policy_attachment",
      "name": "glue_s3_policy_attach",
      "provider": "module.glue.provider[\"registry.terraform.io/hashicorp/aws\"]",
      "instances": [
        {
          "schema_version": 0,
          "attributes": {
            "id": "openfoodfacts-glue-service-role-20250518120905969400000003",
            "policy_arn": "arn:aws:iam::046873714594:policy/openfoodfacts-glue-s3-access",
            "role": "openfoodfacts-glue-service-role"
          },
          "sensitive_attributes": [],
          "private": "bnVsbA==",
          "dependencies": [
            "module.glue.aws_iam_policy.glue_s3_access",
            "module.glue.aws_iam_role.glue_service_role"
          ]
        }
      ]
    },
    {
      "module": "module.glue",
      "mode": "managed",
      "type": "aws_iam_role_policy_attachment",
      "name": "glue_service_role_managed",
      "provider": "module.glue.provider[\"registry.terraform.io/hashicorp/aws\"]",
      "instances": [
        {
          "schema_version": 0,
          "attributes": {
            "id": "openfoodfacts-glue-service-role-20250518120906023900000004",
            "policy_arn": "arn:aws:iam::aws:policy/service-role/AWSGlueServiceRole",
            "role": "openfoodfacts-glue-service-role"
          },
          "sensitive_attributes": [],
          "private": "bnVsbA==",
          "dependencies": [
            "module.glue.aws_iam_role.glue_service_role"
          ]
        }
      ]
    },
    {
      "module": "module.glue",
      "mode": "managed",
      "type": "aws_opensearchserverless_access_policy",
      "name": "glue_access",
      "provider": "module.glue.provider[\"registry.terraform.io/hashicorp/aws\"]",
      "instances": [
        {
          "schema_version": 0,
          "attributes": {
            "description": "Glue read/write",
            "id": "glue-data-access",
            "name": "glue-data-access",
            "policy": "[{\"Principal\":[\"arn:aws:iam::046873714594:role/glue-food-products-role\"],\"Rules\":[{\"Permission\":[\"aoss:CreateCollectionItems\",\"aoss:UpdateCollectionItems\",\"aoss:DescribeCollectionItems\"],\"Resource\":[\"collection/products-embeddings\"],\"ResourceType\":\"collection\"},{\"Permission\":[\"aoss:ReadDocument\",\"aoss:WriteDocument\"],\"Resource\":[\"index/products-embeddings/*\"],\"ResourceType\":\"index\"}]}]",
            "policy_version": "MTc0NzU3MDM5NzAyNF8x",
            "type": "data"
          },
          "sensitive_attributes": [],
          "dependencies": [
            "module.glue.aws_iam_role.glue_role",
            "module.glue.aws_opensearchserverless_collection.products",
            "module.glue.aws_opensearchserverless_security_policy.encryption_policy"
          ]
        }
      ]
    },
    {
      "module": "module.glue",
      "mode": "managed",
      "type": "aws_opensearchserverless_collection",
      "name": "products",
      "provider": "module.glue.provider[\"registry.terraform.io/hashicorp/aws\"]",
      "instances": [
        {
          "schema_version": 0,
          "attributes": {
            "arn": "arn:aws:aoss:eu-west-2:046873714594:collection/iodaxckdm2el07hsrxia",
            "collection_endpoint": "https://iodaxckdm2el07hsrxia.eu-west-2.aoss.amazonaws.com",
            "dashboard_endpoint": "https://iodaxckdm2el07hsrxia.eu-west-2.aoss.amazonaws.com/_dashboards",
            "description": "Vector search collection for product embeddings",
            "id": "iodaxckdm2el07hsrxia",
            "kms_key_arn": "auto",
            "name": "products-embeddings",
            "standby_replicas": "ENABLED",
            "tags": null,
            "tags_all": {},
            "timeouts": null,
            "type": "VECTORSEARCH"
          },
          "sensitive_attributes": [],
          "dependencies": [
            "module.glue.aws_opensearchserverless_security_policy.encryption_policy"
          ]
        }
      ]
    },
    {
      "module": "module.glue",
      "mode": "managed",
      "type": "aws_opensearchserverless_security_policy",
      "name": "encryption_policy",
      "provider": "module.glue.provider[\"registry.terraform.io/hashicorp/aws\"]",
      "instances": [
        {
          "schema_version": 0,
          "attributes": {
            "description": "Encryption policy for products-embeddings",
            "id": "products-embeddings-policy",
            "name": "products-embeddings-policy",
            "policy": "{\"AWSOwnedKey\":true,\"Rules\":[{\"Resource\":[\"collection/products-embeddings\"],\"ResourceType\":\"collection\"}]}",
            "policy_version": "MTc0NzU3MDE0NTE4MF8x",
            "type": "encryption"
          },
          "sensitive_attributes": []
        }
      ]
    },
    {
      "module": "module.receipt_scanner",
      "mode": "data",
      "type": "aws_api_gateway_rest_api",
      "name": "api",
      "provider": "provider[\"registry.terraform.io/hashicorp/aws\"]",
      "instances": [
        {
          "schema_version": 0,
          "attributes": {
            "api_key_source": "HEADER",
            "arn": "arn:aws:apigateway:eu-west-2::/restapis/pl0s1etbzl",
            "binary_media_types": [],
            "description": "",
            "endpoint_configuration": [
              {
                "ip_address_type": "ipv4",
                "types": [
                  "EDGE"
                ],
                "vpc_endpoint_ids": []
              }
            ],
            "execution_arn": "arn:aws:execute-api:eu-west-2:046873714594:pl0s1etbzl",
            "id": "pl0s1etbzl",
            "minimum_compression_size": "",
            "name": "intake",
            "policy": "",
            "root_resource_id": "xrt8v6iw1d",
            "tags": {}
          },
          "sensitive_attributes": []
        }
      ]
    },
    {
      "module": "module.receipt_scanner",
      "mode": "managed",
      "type": "aws_api_gateway_deployment",
      "name": "deployment",
      "provider": "provider[\"registry.terraform.io/hashicorp/aws\"]",
      "instances": [
        {
          "schema_version": 0,
          "attributes": {
            "canary_settings": [],
            "created_date": "2025-05-18T12:09:33Z",
            "description": "",
            "execution_arn": "arn:aws:execute-api:eu-west-2:046873714594:pl0s1etbzl/",
            "id": "oxbwz8",
            "invoke_url": "https://pl0s1etbzl.execute-api.eu-west-2.amazonaws.com/",
            "rest_api_id": "pl0s1etbzl",
            "stage_description": null,
            "stage_name": null,
            "triggers": null,
            "variables": null
          },
          "sensitive_attributes": [],
          "private": "bnVsbA==",
          "dependencies": [
            "module.apigateway.aws_api_gateway_rest_api.api",
            "module.receipt_scanner.aws_api_gateway_integration.lambda_proxy_get",
            "module.receipt_scanner.aws_api_gateway_method.get_receipt-scanner",
            "module.receipt_scanner.aws_api_gateway_resource.receipt-scanner",
            "module.receipt_scanner.aws_iam_role.lambda_exec",
            "module.receipt_scanner.aws_lambda_function.processor",
            "module.receipt_scanner.data.aws_api_gateway_rest_api.api"
          ]
        }
      ]
    },
    {
      "module": "module.receipt_scanner",
      "mode": "managed",
      "type": "aws_api_gateway_integration",
      "name": "lambda_proxy_get",
      "provider": "provider[\"registry.terraform.io/hashicorp/aws\"]",
      "instances": [
        {
          "schema_version": 0,
          "attributes": {
            "cache_key_parameters": [],
            "cache_namespace": "tinr2s",
            "connection_id": "",
            "connection_type": "INTERNET",
            "content_handling": "",
            "credentials": "",
            "http_method": "GET",
            "id": "agi-pl0s1etbzl-tinr2s-GET",
            "integration_http_method": "GET",
            "passthrough_behavior": "WHEN_NO_MATCH",
            "request_parameters": {},
            "request_templates": {},
            "resource_id": "tinr2s",
            "rest_api_id": "pl0s1etbzl",
            "timeout_milliseconds": 29000,
            "tls_config": [],
            "type": "AWS_PROXY",
            "uri": "arn:aws:apigateway:eu-west-2:lambda:path/2015-03-31/functions/arn:aws:lambda:eu-west-2:046873714594:function:receipt_lambda/invocations"
          },
          "sensitive_attributes": [],
          "private": "bnVsbA==",
          "dependencies": [
            "module.apigateway.aws_api_gateway_rest_api.api",
            "module.receipt_scanner.aws_api_gateway_method.get_receipt-scanner",
            "module.receipt_scanner.aws_api_gateway_resource.receipt-scanner",
            "module.receipt_scanner.aws_iam_role.lambda_exec",
            "module.receipt_scanner.aws_lambda_function.processor",
            "module.receipt_scanner.data.aws_api_gateway_rest_api.api"
          ]
        }
      ]
    },
    {
      "module": "module.receipt_scanner",
      "mode": "managed",
      "type": "aws_api_gateway_integration",
      "name": "options_receipt-scanner",
      "provider": "provider[\"registry.terraform.io/hashicorp/aws\"]",
      "instances": [
        {
          "schema_version": 0,
          "attributes": {
            "cache_key_parameters": [],
            "cache_namespace": "tinr2s",
            "connection_id": "",
            "connection_type": "INTERNET",
            "content_handling": "",
            "credentials": "",
            "http_method": "OPTIONS",
            "id": "agi-pl0s1etbzl-tinr2s-OPTIONS",
            "integration_http_method": "",
            "passthrough_behavior": "WHEN_NO_MATCH",
            "request_parameters": {},
            "request_templates": {
              "application/json": "{\n  \"statusCode\": 200\n}\n"
            },
            "resource_id": "tinr2s",
            "rest_api_id": "pl0s1etbzl",
            "timeout_milliseconds": 29000,
            "tls_config": [],
            "type": "MOCK",
            "uri": ""
          },
          "sensitive_attributes": [],
          "private": "bnVsbA==",
          "dependencies": [
            "module.apigateway.aws_api_gateway_rest_api.api",
            "module.receipt_scanner.aws_api_gateway_method.options_receipt-scanner",
            "module.receipt_scanner.aws_api_gateway_resource.receipt-scanner",
            "module.receipt_scanner.data.aws_api_gateway_rest_api.api"
          ]
        }
      ]
    },
    {
      "module": "module.receipt_scanner",
      "mode": "managed",
      "type": "aws_api_gateway_integration_response",
      "name": "get_integration_response",
      "provider": "provider[\"registry.terraform.io/hashicorp/aws\"]",
      "instances": [
        {
          "schema_version": 0,
          "attributes": {
            "content_handling": "",
            "http_method": "GET",
            "id": "agir-pl0s1etbzl-tinr2s-GET-200",
            "resource_id": "tinr2s",
            "response_parameters": {
              "method.response.header.Access-Control-Allow-Headers": "'Content-Type,X-Amz-Date,Authorization,X-Api-Key'",
              "method.response.header.Access-Control-Allow-Methods": "'OPTIONS,POST'",
              "method.response.header.Access-Control-Allow-Origin": "'*'"
            },
            "response_templates": {},
            "rest_api_id": "pl0s1etbzl",
            "selection_pattern": "",
            "status_code": "200"
          },
          "sensitive_attributes": [],
          "private": "bnVsbA==",
          "dependencies": [
            "module.apigateway.aws_api_gateway_rest_api.api",
            "module.receipt_scanner.aws_api_gateway_integration.lambda_proxy_get",
            "module.receipt_scanner.aws_api_gateway_method.get_receipt-scanner",
            "module.receipt_scanner.aws_api_gateway_method_response.get_response_200",
            "module.receipt_scanner.aws_api_gateway_resource.receipt-scanner",
            "module.receipt_scanner.aws_iam_role.lambda_exec",
            "module.receipt_scanner.aws_lambda_function.processor",
            "module.receipt_scanner.data.aws_api_gateway_rest_api.api"
          ]
        }
      ]
    },
    {
      "module": "module.receipt_scanner",
      "mode": "managed",
      "type": "aws_api_gateway_integration_response",
      "name": "options_integration_response",
      "provider": "provider[\"registry.terraform.io/hashicorp/aws\"]",
      "instances": [
        {
          "schema_version": 0,
          "attributes": {
            "content_handling": "",
            "http_method": "OPTIONS",
            "id": "agir-pl0s1etbzl-tinr2s-OPTIONS-200",
            "resource_id": "tinr2s",
            "response_parameters": {
              "method.response.header.Access-Control-Allow-Headers": "'Content-Type,X-Amz-Date,Authorization,X-Api-Key'",
              "method.response.header.Access-Control-Allow-Methods": "'OPTIONS,POST'",
              "method.response.header.Access-Control-Allow-Origin": "'*'"
            },
            "response_templates": {},
            "rest_api_id": "pl0s1etbzl",
            "selection_pattern": "",
            "status_code": "200"
          },
          "sensitive_attributes": [],
          "private": "bnVsbA==",
          "dependencies": [
            "module.apigateway.aws_api_gateway_rest_api.api",
            "module.receipt_scanner.aws_api_gateway_method.options_receipt-scanner",
            "module.receipt_scanner.aws_api_gateway_method_response.options_response_200",
            "module.receipt_scanner.aws_api_gateway_resource.receipt-scanner",
            "module.receipt_scanner.data.aws_api_gateway_rest_api.api"
          ]
        }
      ]
    },
    {
      "module": "module.receipt_scanner",
      "mode": "managed",
      "type": "aws_api_gateway_method",
      "name": "get_receipt-scanner",
      "provider": "provider[\"registry.terraform.io/hashicorp/aws\"]",
      "instances": [
        {
          "schema_version": 0,
          "attributes": {
            "api_key_required": false,
            "authorization": "NONE",
            "authorization_scopes": [],
            "authorizer_id": "",
            "http_method": "GET",
            "id": "agm-pl0s1etbzl-tinr2s-GET",
            "operation_name": "",
            "request_models": {},
            "request_parameters": {},
            "request_validator_id": "",
            "resource_id": "tinr2s",
            "rest_api_id": "pl0s1etbzl"
          },
          "sensitive_attributes": [],
          "private": "bnVsbA==",
          "dependencies": [
            "module.apigateway.aws_api_gateway_rest_api.api",
            "module.receipt_scanner.aws_api_gateway_resource.receipt-scanner",
            "module.receipt_scanner.data.aws_api_gateway_rest_api.api"
          ]
        }
      ]
    },
    {
      "module": "module.receipt_scanner",
      "mode": "managed",
      "type": "aws_api_gateway_method",
      "name": "options_receipt-scanner",
      "provider": "provider[\"registry.terraform.io/hashicorp/aws\"]",
      "instances": [
        {
          "schema_version": 0,
          "attributes": {
            "api_key_required": false,
            "authorization": "NONE",
            "authorization_scopes": [],
            "authorizer_id": "",
            "http_method": "OPTIONS",
            "id": "agm-pl0s1etbzl-tinr2s-OPTIONS",
            "operation_name": "",
            "request_models": {},
            "request_parameters": {},
            "request_validator_id": "",
            "resource_id": "tinr2s",
            "rest_api_id": "pl0s1etbzl"
          },
          "sensitive_attributes": [],
          "private": "bnVsbA==",
          "dependencies": [
            "module.apigateway.aws_api_gateway_rest_api.api",
            "module.receipt_scanner.aws_api_gateway_resource.receipt-scanner",
            "module.receipt_scanner.data.aws_api_gateway_rest_api.api"
          ]
        }
      ]
    },
    {
      "module": "module.receipt_scanner",
      "mode": "managed",
      "type": "aws_api_gateway_method_response",
      "name": "get_response_200",
      "provider": "provider[\"registry.terraform.io/hashicorp/aws\"]",
      "instances": [
        {
          "schema_version": 0,
          "attributes": {
            "http_method": "GET",
            "id": "agmr-pl0s1etbzl-tinr2s-GET-200",
            "resource_id": "tinr2s",
            "response_models": {
              "application/json": "Empty"
            },
            "response_parameters": {
              "method.response.header.Access-Control-Allow-Headers": true,
              "method.response.header.Access-Control-Allow-Methods": true,
              "method.response.header.Access-Control-Allow-Origin": true
            },
            "rest_api_id": "pl0s1etbzl",
            "status_code": "200"
          },
          "sensitive_attributes": [],
          "private": "bnVsbA==",
          "dependencies": [
            "module.apigateway.aws_api_gateway_rest_api.api",
            "module.receipt_scanner.aws_api_gateway_method.get_receipt-scanner",
            "module.receipt_scanner.aws_api_gateway_resource.receipt-scanner",
            "module.receipt_scanner.data.aws_api_gateway_rest_api.api"
          ]
        }
      ]
    },
    {
      "module": "module.receipt_scanner",
      "mode": "managed",
      "type": "aws_api_gateway_method_response",
      "name": "options_response_200",
      "provider": "provider[\"registry.terraform.io/hashicorp/aws\"]",
      "instances": [
        {
          "schema_version": 0,
          "attributes": {
            "http_method": "OPTIONS",
            "id": "agmr-pl0s1etbzl-tinr2s-OPTIONS-200",
            "resource_id": "tinr2s",
            "response_models": {
              "application/json": "Empty"
            },
            "response_parameters": {
              "method.response.header.Access-Control-Allow-Headers": true,
              "method.response.header.Access-Control-Allow-Methods": true,
              "method.response.header.Access-Control-Allow-Origin": true
            },
            "rest_api_id": "pl0s1etbzl",
            "status_code": "200"
          },
          "sensitive_attributes": [],
          "private": "bnVsbA==",
          "dependencies": [
            "module.apigateway.aws_api_gateway_rest_api.api",
            "module.receipt_scanner.aws_api_gateway_method.options_receipt-scanner",
            "module.receipt_scanner.aws_api_gateway_resource.receipt-scanner",
            "module.receipt_scanner.data.aws_api_gateway_rest_api.api"
          ]
        }
      ]
    },
    {
      "module": "module.receipt_scanner",
      "mode": "managed",
      "type": "aws_api_gateway_resource",
      "name": "receipt-scanner",
      "provider": "provider[\"registry.terraform.io/hashicorp/aws\"]",
      "instances": [
        {
          "schema_version": 0,
          "attributes": {
            "id": "tinr2s",
            "parent_id": "xrt8v6iw1d",
            "path": "/receipt-scanner",
            "path_part": "receipt-scanner",
            "rest_api_id": "pl0s1etbzl"
          },
          "sensitive_attributes": [],
          "private": "bnVsbA==",
          "dependencies": [
            "module.apigateway.aws_api_gateway_rest_api.api",
            "module.receipt_scanner.data.aws_api_gateway_rest_api.api"
          ]
        }
      ]
    },
    {
      "module": "module.receipt_scanner",
      "mode": "managed",
      "type": "aws_dynamodb_table",
      "name": "ReceiptsTable",
      "provider": "provider[\"registry.terraform.io/hashicorp/aws\"]",
      "instances": [
        {
          "schema_version": 1,
          "attributes": {
            "arn": "arn:aws:dynamodb:eu-west-2:046873714594:table/ReceiptsTable",
            "attribute": [
              {
                "name": "id",
                "type": "S"
              }
            ],
            "billing_mode": "PAY_PER_REQUEST",
            "deletion_protection_enabled": false,
            "global_secondary_index": [],
            "hash_key": "id",
            "id": "ReceiptsTable",
            "import_table": [],
            "local_secondary_index": [],
            "name": "ReceiptsTable",
            "on_demand_throughput": [],
            "point_in_time_recovery": [
              {
                "enabled": false
              }
            ],
            "range_key": null,
            "read_capacity": 0,
            "replica": [],
            "restore_date_time": null,
            "restore_source_name": null,
            "restore_source_table_arn": null,
            "restore_to_latest_time": null,
            "server_side_encryption": [],
            "stream_arn": "",
            "stream_enabled": false,
            "stream_label": "",
            "stream_view_type": "",
            "table_class": "STANDARD",
            "tags": {
              "Application": "ReceiptScanner"
            },
            "tags_all": {
              "Application": "ReceiptScanner"
            },
            "timeouts": null,
            "ttl": [
              {
                "attribute_name": "",
                "enabled": false
              }
            ],
            "write_capacity": 0
          },
          "sensitive_attributes": [],
          "private": "eyJlMmJmYjczMC1lY2FhLTExZTYtOGY4OC0zNDM2M2JjN2M0YzAiOnsiY3JlYXRlIjoxODAwMDAwMDAwMDAwLCJkZWxldGUiOjYwMDAwMDAwMDAwMCwidXBkYXRlIjozNjAwMDAwMDAwMDAwfSwic2NoZW1hX3ZlcnNpb24iOiIxIn0=",
          "dependencies": [
            "module.apigateway.aws_api_gateway_rest_api.api"
          ]
        }
      ]
    },
    {
      "module": "module.receipt_scanner",
      "mode": "managed",
      "type": "aws_iam_role",
      "name": "lambda_exec",
      "provider": "provider[\"registry.terraform.io/hashicorp/aws\"]",
      "instances": [
        {
          "schema_version": 0,
          "attributes": {
            "arn": "arn:aws:iam::046873714594:role/receipt_scanner_lambda_exec_role",
            "assume_role_policy": "{\"Statement\":[{\"Action\":\"sts:AssumeRole\",\"Effect\":\"Allow\",\"Principal\":{\"Service\":\"lambda.amazonaws.com\"}}],\"Version\":\"2012-10-17\"}",
            "create_date": "2025-05-18T12:15:41Z",
            "description": "",
            "force_detach_policies": false,
            "id": "receipt_scanner_lambda_exec_role",
            "inline_policy": [],
            "managed_policy_arns": [
              "arn:aws:iam::aws:policy/service-role/AWSLambdaBasicExecutionRole"
            ],
            "max_session_duration": 3600,
            "name": "receipt_scanner_lambda_exec_role",
            "name_prefix": "",
            "path": "/",
            "permissions_boundary": "",
            "tags": {},
            "tags_all": {},
            "unique_id": "AROAQV2PED6RCTQFCLXXW"
          },
          "sensitive_attributes": [],
          "private": "bnVsbA==",
          "dependencies": [
            "module.apigateway.aws_api_gateway_rest_api.api"
          ]
        }
      ]
    },
    {
      "module": "module.receipt_scanner",
      "mode": "managed",
      "type": "aws_iam_role_policy_attachment",
      "name": "lambda_basic_execution",
      "provider": "provider[\"registry.terraform.io/hashicorp/aws\"]",
      "instances": [
        {
          "schema_version": 0,
          "attributes": {
            "id": "receipt_scanner_lambda_exec_role-20250518121542391700000001",
            "policy_arn": "arn:aws:iam::aws:policy/service-role/AWSLambdaBasicExecutionRole",
            "role": "receipt_scanner_lambda_exec_role"
          },
          "sensitive_attributes": [],
          "private": "bnVsbA==",
          "dependencies": [
            "module.apigateway.aws_api_gateway_rest_api.api",
            "module.receipt_scanner.aws_iam_role.lambda_exec"
          ]
        }
      ]
    },
    {
      "module": "module.receipt_scanner",
      "mode": "managed",
      "type": "aws_lambda_function",
      "name": "processor",
      "provider": "provider[\"registry.terraform.io/hashicorp/aws\"]",
      "instances": [
        {
          "schema_version": 0,
          "attributes": {
            "architectures": [
              "x86_64"
            ],
            "arn": "arn:aws:lambda:eu-west-2:046873714594:function:receipt_lambda",
            "code_sha256": "6958cbca8b7a9c5f65fd4137d6327d077ad2f6ae5ce1afcd6ac096eea0f5f0d1",
            "code_signing_config_arn": "",
            "dead_letter_config": [],
            "description": "",
            "environment": [],
            "ephemeral_storage": [
              {
                "size": 512
              }
            ],
            "file_system_config": [],
            "filename": null,
            "function_name": "receipt_lambda",
            "handler": "",
            "id": "receipt_lambda",
            "image_config": [],
            "image_uri": "046873714594.dkr.ecr.eu-west-2.amazonaws.com/receipt-scanner-046873714594:latest",
            "invoke_arn": "arn:aws:apigateway:eu-west-2:lambda:path/2015-03-31/functions/arn:aws:lambda:eu-west-2:046873714594:function:receipt_lambda/invocations",
            "kms_key_arn": "",
            "last_modified": "2025-05-18T12:15:58.271+0000",
            "layers": [],
            "logging_config": [
              {
                "application_log_level": "",
                "log_format": "Text",
                "log_group": "/aws/lambda/receipt_lambda",
                "system_log_level": ""
              }
            ],
            "memory_size": 128,
            "package_type": "Image",
            "publish": false,
            "qualified_arn": "arn:aws:lambda:eu-west-2:046873714594:function:receipt_lambda:$LATEST",
            "qualified_invoke_arn": "arn:aws:apigateway:eu-west-2:lambda:path/2015-03-31/functions/arn:aws:lambda:eu-west-2:046873714594:function:receipt_lambda:$LATEST/invocations",
            "replace_security_groups_on_destroy": null,
            "replacement_security_group_ids": null,
            "reserved_concurrent_executions": -1,
            "role": "arn:aws:iam::046873714594:role/receipt_scanner_lambda_exec_role",
            "runtime": "",
            "s3_bucket": null,
            "s3_key": null,
            "s3_object_version": null,
            "signing_job_arn": "",
            "signing_profile_version_arn": "",
            "skip_destroy": false,
            "snap_start": [],
            "source_code_hash": "",
            "source_code_size": 0,
            "tags": {},
            "tags_all": {},
            "timeout": 3,
            "timeouts": null,
            "tracing_config": [
              {
                "mode": "PassThrough"
              }
            ],
            "version": "$LATEST",
            "vpc_config": []
          },
          "sensitive_attributes": [],
          "private": "eyJlMmJmYjczMC1lY2FhLTExZTYtOGY4OC0zNDM2M2JjN2M0YzAiOnsiY3JlYXRlIjo2MDAwMDAwMDAwMDAsImRlbGV0ZSI6NjAwMDAwMDAwMDAwLCJ1cGRhdGUiOjYwMDAwMDAwMDAwMH19",
          "dependencies": [
            "module.apigateway.aws_api_gateway_rest_api.api",
            "module.receipt_scanner.aws_iam_role.lambda_exec"
          ]
        }
      ]
    },
    {
      "module": "module.receipt_scanner",
      "mode": "managed",
      "type": "aws_lambda_permission",
      "name": "allow_api_gateway",
      "provider": "provider[\"registry.terraform.io/hashicorp/aws\"]",
      "instances": [
        {
          "schema_version": 0,
          "attributes": {
            "action": "lambda:InvokeFunction",
            "event_source_token": null,
            "function_name": "receipt_lambda",
            "function_url_auth_type": null,
            "id": "AllowExecutionFromAPIGateway",
            "principal": "apigateway.amazonaws.com",
            "principal_org_id": null,
            "qualifier": "",
            "source_account": null,
            "source_arn": "arn:aws:execute-api:eu-west-2:046873714594:pl0s1etbzl/*/*",
            "statement_id": "AllowExecutionFromAPIGateway",
            "statement_id_prefix": ""
          },
          "sensitive_attributes": [],
          "private": "bnVsbA==",
          "dependencies": [
            "module.apigateway.aws_api_gateway_rest_api.api",
            "module.receipt_scanner.aws_iam_role.lambda_exec",
            "module.receipt_scanner.aws_lambda_function.processor",
            "module.receipt_scanner.data.aws_api_gateway_rest_api.api"
          ]
        }
      ]
    },
    {
      "module": "module.receipt_scanner",
      "mode": "managed",
      "type": "aws_lambda_permission",
      "name": "allow_s3_invoke",
      "provider": "provider[\"registry.terraform.io/hashicorp/aws\"]",
      "instances": [
        {
          "schema_version": 0,
          "attributes": {
            "action": "lambda:InvokeFunction",
            "event_source_token": null,
            "function_name": "receipt_lambda",
            "function_url_auth_type": null,
            "id": "AllowS3Invoke",
            "principal": "s3.amazonaws.com",
            "principal_org_id": null,
            "qualifier": "",
            "source_account": null,
            "source_arn": "arn:aws:s3:::receipt-scanner-046873714594",
            "statement_id": "AllowS3Invoke",
            "statement_id_prefix": ""
          },
          "sensitive_attributes": [],
          "private": "bnVsbA==",
          "dependencies": [
            "module.apigateway.aws_api_gateway_rest_api.api",
            "module.receipt_scanner.aws_iam_role.lambda_exec",
            "module.receipt_scanner.aws_lambda_function.processor",
            "module.receipt_scanner.aws_s3_bucket.receipts_bucket"
          ]
        }
      ]
    },
    {
      "module": "module.receipt_scanner",
      "mode": "managed",
      "type": "aws_s3_bucket",
      "name": "receipts_bucket",
      "provider": "provider[\"registry.terraform.io/hashicorp/aws\"]",
      "instances": [
        {
          "schema_version": 0,
          "attributes": {
            "acceleration_status": "",
            "acl": null,
            "arn": "arn:aws:s3:::receipt-scanner-046873714594",
            "bucket": "receipt-scanner-046873714594",
            "bucket_domain_name": "receipt-scanner-046873714594.s3.amazonaws.com",
            "bucket_prefix": "",
            "bucket_regional_domain_name": "receipt-scanner-046873714594.s3.eu-west-2.amazonaws.com",
            "cors_rule": [],
            "force_destroy": false,
            "grant": [
              {
                "id": "3f834e1e0c6fb26c2b4622220b8c422a572f9b74e0df1ef01c1308c0259c5ded",
                "permissions": [
                  "FULL_CONTROL"
                ],
                "type": "CanonicalUser",
                "uri": ""
              }
            ],
            "hosted_zone_id": "Z3GKZC51ZF0DB4",
            "id": "receipt-scanner-046873714594",
            "lifecycle_rule": [],
            "logging": [],
            "object_lock_configuration": [],
            "object_lock_enabled": false,
            "policy": "",
            "region": "eu-west-2",
            "replication_configuration": [],
            "request_payer": "BucketOwner",
            "server_side_encryption_configuration": [
              {
                "rule": [
                  {
                    "apply_server_side_encryption_by_default": [
                      {
                        "kms_master_key_id": "",
                        "sse_algorithm": "AES256"
                      }
                    ],
                    "bucket_key_enabled": false
                  }
                ]
              }
            ],
            "tags": {
              "Application": "ReceiptScanner"
            },
            "tags_all": {
              "Application": "ReceiptScanner"
            },
            "timeouts": null,
            "versioning": [
              {
                "enabled": false,
                "mfa_delete": false
              }
            ],
            "website": [],
            "website_domain": null,
            "website_endpoint": null
          },
          "sensitive_attributes": [],
          "private": "eyJlMmJmYjczMC1lY2FhLTExZTYtOGY4OC0zNDM2M2JjN2M0YzAiOnsiY3JlYXRlIjoxMjAwMDAwMDAwMDAwLCJkZWxldGUiOjM2MDAwMDAwMDAwMDAsInJlYWQiOjEyMDAwMDAwMDAwMDAsInVwZGF0ZSI6MTIwMDAwMDAwMDAwMH19",
          "dependencies": [
            "module.apigateway.aws_api_gateway_rest_api.api"
          ]
        }
      ]
    },
    {
      "module": "module.receipt_scanner",
      "mode": "managed",
      "type": "aws_s3_bucket_notification",
      "name": "receipts_trigger",
      "provider": "provider[\"registry.terraform.io/hashicorp/aws\"]",
      "instances": [
        {
          "schema_version": 0,
          "attributes": {
            "bucket": "receipt-scanner-046873714594",
            "eventbridge": false,
            "id": "receipt-scanner-046873714594",
            "lambda_function": [
              {
                "events": [
                  "s3:ObjectCreated:*"
                ],
                "filter_prefix": "",
                "filter_suffix": ".png",
                "id": "tf-s3-lambda-20250518122220955100000001",
                "lambda_function_arn": "arn:aws:lambda:eu-west-2:046873714594:function:receipt_lambda"
              }
            ],
            "queue": [],
            "topic": []
          },
          "sensitive_attributes": [],
          "private": "bnVsbA==",
          "dependencies": [
            "module.apigateway.aws_api_gateway_rest_api.api",
            "module.receipt_scanner.aws_iam_role.lambda_exec",
            "module.receipt_scanner.aws_lambda_function.processor",
            "module.receipt_scanner.aws_lambda_permission.allow_s3_invoke",
            "module.receipt_scanner.aws_s3_bucket.receipts_bucket"
          ]
        }
      ]
    }
  ],
  "check_results": null
}
